{
  "version": "4",
  "specifiers": {
    "jsr:@std/cli@^1.0.21": "1.0.21",
    "jsr:@std/dotenv@0.225.5": "0.225.5",
    "jsr:@std/encoding@*": "1.0.10",
    "jsr:@std/encoding@1.0.10": "1.0.10",
    "jsr:@std/encoding@^1.0.10": "1.0.10",
    "jsr:@std/fmt@^1.0.8": "1.0.8",
    "jsr:@std/fs@^1.0.19": "1.0.19",
    "jsr:@std/html@^1.0.4": "1.0.4",
    "jsr:@std/http@*": "1.0.20",
    "jsr:@std/http@1.0.20": "1.0.20",
    "jsr:@std/internal@^1.0.10": "1.0.10",
    "jsr:@std/media-types@^1.1.0": "1.1.0",
    "jsr:@std/net@^1.0.4": "1.0.5",
    "jsr:@std/path@^1.1.1": "1.1.2",
    "jsr:@std/streams@^1.0.10": "1.0.11",
    "npm:@twind/forms@0.1.4": "0.1.4_twind@0.16.19",
    "npm:@twind/typography@*": "0.0.2_twind@0.16.19",
    "npm:@twind/typography@0.0.2": "0.0.2_twind@0.16.19",
    "npm:twind@0.16.19": "0.16.19"
  },
  "jsr": {
    "@std/cli@1.0.21": {
      "integrity": "cd25b050bdf6282e321854e3822bee624f07aca7636a3a76d95f77a3a919ca2a"
    },
    "@std/dotenv@0.225.5": {
      "integrity": "9ce6f9d0ec3311f74a32535aa1b8c62ed88b1ab91b7f0815797d77a6f60c922f"
    },
    "@std/encoding@1.0.10": {
      "integrity": "8783c6384a2d13abd5e9e87a7ae0520a30e9f56aeeaa3bdf910a3eaaf5c811a1"
    },
    "@std/fmt@1.0.8": {
      "integrity": "71e1fc498787e4434d213647a6e43e794af4fd393ef8f52062246e06f7e372b7"
    },
    "@std/fs@1.0.19": {
      "integrity": "051968c2b1eae4d2ea9f79a08a3845740ef6af10356aff43d3e2ef11ed09fb06"
    },
    "@std/html@1.0.4": {
      "integrity": "eff3497c08164e6ada49b7f81a28b5108087033823153d065e3f89467dd3d50e"
    },
    "@std/http@1.0.20": {
      "integrity": "b5cc33fc001bccce65ed4c51815668c9891c69ccd908295997e983d8f56070a1",
      "dependencies": [
        "jsr:@std/cli",
        "jsr:@std/encoding@^1.0.10",
        "jsr:@std/fmt",
        "jsr:@std/fs",
        "jsr:@std/html",
        "jsr:@std/media-types",
        "jsr:@std/net",
        "jsr:@std/path",
        "jsr:@std/streams"
      ]
    },
    "@std/internal@1.0.10": {
      "integrity": "e3be62ce42cab0e177c27698e5d9800122f67b766a0bea6ca4867886cbde8cf7"
    },
    "@std/media-types@1.1.0": {
      "integrity": "c9d093f0c05c3512932b330e3cc1fe1d627b301db33a4c2c2185c02471d6eaa4"
    },
    "@std/net@1.0.5": {
      "integrity": "b759d8c5e17d997e164af6379d57764668c6714f30109685eec0fd5e194d501a"
    },
    "@std/path@1.1.2": {
      "integrity": "c0b13b97dfe06546d5e16bf3966b1cadf92e1cc83e56ba5476ad8b498d9e3038",
      "dependencies": [
        "jsr:@std/internal"
      ]
    },
    "@std/streams@1.0.11": {
      "integrity": "db583d27e28d133f389f1eec318cffdf4998305e5134c1d4b1c56b361cee6018"
    }
  },
  "npm": {
    "@twind/forms@0.1.4_twind@0.16.19": {
      "integrity": "sha512-OwI3xd0NTDlQo2M9L3NDVnngBU/mGgHaIAif91taGfiN4zpbwvYLSpUFIeBlcD8XeGvdFQv07T5hxavFRsKa7Q==",
      "dependencies": [
        "twind"
      ]
    },
    "@twind/typography@0.0.2_twind@0.16.19": {
      "integrity": "sha512-UKFNX+JRB+ODnJ6jr7coDl5WC6tQAXXzEJXyc5kXQot0wOy1X5gw8QjunHz9omb+QHmVo/gf8ofLueZl1lIdSA==",
      "dependencies": [
        "twind"
      ]
    },
    "csstype@3.1.3": {
      "integrity": "sha512-M1uQkMl8rQK/szD0LNhtqxIPLpimGm8sOBwU7lLnCpSbTyY3yeU1Vc7l4KT5zT4s/yOxHH5O7tIuuLOCnLADRw=="
    },
    "dom-serializer@1.4.1": {
      "integrity": "sha512-VHwB3KfrcOOkelEG2ZOfxqLZdfkil8PtJi4P8N2MMXucZq2yLp75ClViUlOVwyoHEDjYU433Aq+5zWP61+RGag==",
      "dependencies": [
        "domelementtype",
        "domhandler",
        "entities"
      ]
    },
    "domelementtype@2.3.0": {
      "integrity": "sha512-OLETBj6w0OsagBwdXnPdN0cnMfF9opN69co+7ZrbfPGrdpPVNBUj02spi6B1N7wChLQiPn4CSH/zJvXw56gmHw=="
    },
    "domhandler@4.3.1": {
      "integrity": "sha512-GrwoxYN+uWlzO8uhUXRl0P+kHE4GtVPfYzVLcUxPL7KNdHKj66vvlhiweIHqYYXWlw+T8iLMp42Lm67ghw4WMQ==",
      "dependencies": [
        "domelementtype"
      ]
    },
    "domutils@2.8.0": {
      "integrity": "sha512-w96Cjofp72M5IIhpjgobBimYEfoPjx1Vx0BSX9P30WBdZW2WIKU0T1Bd0kz2eNZ9ikjKgHbEyKx8BB6H1L3h3A==",
      "dependencies": [
        "dom-serializer",
        "domelementtype",
        "domhandler"
      ]
    },
    "entities@2.2.0": {
      "integrity": "sha512-p92if5Nz619I0w+akJrLZH0MX0Pb5DX39XOwQTtXSdQQOaYH03S1uIQp4mhOZtAXrxq4ViO67YTiLBo2638o9A=="
    },
    "htmlparser2@6.1.0": {
      "integrity": "sha512-gyyPk6rgonLFEDGoeRgQNaEUvdJ4ktTmmUh/h2t7s+M8oPpIPxgNACWa+6ESR57kXstwqPiCut0V8NRpcwgU7A==",
      "dependencies": [
        "domelementtype",
        "domhandler",
        "domutils",
        "entities"
      ]
    },
    "style-vendorizer@2.2.3": {
      "integrity": "sha512-/VDRsWvQAgspVy9eATN3z6itKTuyg+jW1q6UoTCQCFRqPDw8bi3E1hXIKnGw5LvXS2AQPuJ7Af4auTLYeBOLEg=="
    },
    "twind@0.16.19": {
      "integrity": "sha512-/9H7I/Xzji6UZ+x1V8/llcQSAI0bINqpZtvAqqTzuU/qAdzRCnrpaME8x57k8tUu2KbosjSQE85sSwcLBGD1DQ==",
      "dependencies": [
        "csstype",
        "htmlparser2",
        "style-vendorizer"
      ]
    }
  },
  "redirects": {
    "https://esm.sh/@twind/core@^1.1.3?target=denonext": "https://esm.sh/@twind/core@1.1.3?target=denonext",
    "https://esm.sh/twind@%3E=0.14.4?target=denonext": "https://esm.sh/twind@1.0.7?target=denonext"
  },
  "remote": {
    "https://deno.land/std@0.106.0/encoding/base64.ts": "eecae390f1f1d1cae6f6c6d732ede5276bf4b9cd29b1d281678c054dc5cc009e",
    "https://deno.land/std@0.207.0/assert/assert.ts": "9a97dad6d98c238938e7540736b826440ad8c1c1e54430ca4c4e623e585607ee",
    "https://deno.land/std@0.207.0/assert/assertion_error.ts": "4d0bde9b374dfbcbe8ac23f54f567b77024fb67dbb1906a852d67fe050d42f56",
    "https://deno.land/std@0.207.0/async/delay.ts": "a6142eb44cdd856b645086af2b811b1fcce08ec06bb7d50969e6a872ee9b8659",
    "https://deno.land/std@0.207.0/bytes/copy.ts": "939d89e302a9761dcf1d9c937c7711174ed74c59eef40a1e4569a05c9de88219",
    "https://deno.land/std@0.207.0/dotenv/mod.ts": "039468f5c87d39b69d7ca6c3d68ebca82f206ec0ff5e011d48205eea292ea5a6",
    "https://deno.land/std@0.207.0/encoding/_util.ts": "f368920189c4fe6592ab2e93bd7ded8f3065b84f95cd3e036a4a10a75649dcba",
    "https://deno.land/std@0.207.0/encoding/base64.ts": "81c0ecff5ccb402def58ca03d8bd245bd01da15a077d3362b568e991aa10f4d9",
    "https://deno.land/std@0.207.0/encoding/hex.ts": "a384101d02cd87036c708f540825feb5b073c8527a00d635e48b2e69c992a5f9",
    "https://deno.land/std@0.207.0/fmt/colors.ts": "34b3f77432925eb72cf0bfb351616949746768620b8e5ead66da532f93d10ba2",
    "https://deno.land/std@0.207.0/fs/exists.ts": "cb59a853d84871d87acab0e7936a4dac11282957f8e195102c5a7acb42546bb8",
    "https://deno.land/std@0.207.0/http/_negotiation/common.ts": "14d1a52427ab258a4b7161cd80e1d8a207b7cc64b46e911780f57ead5f4323c6",
    "https://deno.land/std@0.207.0/http/_negotiation/encoding.ts": "ff747d107277c88cb7a6a62a08eeb8d56dad91564cbcccb30694d5dc126dcc53",
    "https://deno.land/std@0.207.0/http/_negotiation/language.ts": "7bcddd8db3330bdb7ce4fc00a213c5547c1968139864201efd67ef2d0d51887d",
    "https://deno.land/std@0.207.0/http/_negotiation/media_type.ts": "58847517cd549384ad677c0fe89e0a4815be36fe7a303ea63cee5f6a1d7e1692",
    "https://deno.land/std@0.207.0/http/cookie.ts": "c6079019fc15c781c302574f40fa2ac71c26b251e8f74eb236ea43e0424edcd7",
    "https://deno.land/std@0.207.0/http/cookie_map.ts": "2baa49da8b16496018af4818324dd921ad7985a77f8e844345ff145b04098224",
    "https://deno.land/std@0.207.0/http/etag.ts": "259abf65316c728660e34a100dcb07a1303c37ab6ca3d4ee068503c18b4358b0",
    "https://deno.land/std@0.207.0/http/http_status.ts": "1bd167fbc45191db718ebfcf541b5ccbe6fbe59af20297642fd82659956161c5",
    "https://deno.land/std@0.207.0/http/method.ts": "03bbc803c9e236dc64e012d45fa5027da8507266836ba53c3f82a74bda1c73ce",
    "https://deno.land/std@0.207.0/http/mod.ts": "0a2f10d24f22f9145bae28694ac6c7ec8b5becfa266bf50c3b1122f93225b282",
    "https://deno.land/std@0.207.0/http/negotiation.ts": "46e74a6bad4b857333a58dc5b50fe8e5a4d5267e97292293ea65f980bd918086",
    "https://deno.land/std@0.207.0/http/server.ts": "f3cde6672e631d3e00785743cfa96bfed275618c0352c5ae84abbe5a2e0e4afc",
    "https://deno.land/std@0.207.0/http/server_sent_event.ts": "a5ecf38c88925a897bcaea3c9e082ec36a827c9bb5343648ecfdc0abb565082d",
    "https://deno.land/std@0.207.0/http/server_sent_event_stream.ts": "91a62d6c8fde557217f21e9cd759e2d439be8c20c9b699cf73feb5a0e76df338",
    "https://deno.land/std@0.207.0/http/status.ts": "dcbcc0f048ba8fad81228ac66e4a984c924a28c05701dddd20e0f005681d932f",
    "https://deno.land/std@0.207.0/http/unstable_cookie_map.ts": "b635eb7b87de20ba924ae77aef083d1ee6bca531b85ed518339bf05fb9defc4f",
    "https://deno.land/std@0.207.0/http/unstable_method.ts": "e66c2a015cb46c21ab0bb3589aa4fca43143a506cb324ffdfd42d2edef7bc0c4",
    "https://deno.land/std@0.207.0/http/unstable_server_sent_event.ts": "6410770e067fc7a67e1acec7592e54b9ff1c95706c9a9457e8d396f23c3eb390",
    "https://deno.land/std@0.207.0/http/user_agent.ts": "35d3c70d0926b0e121b8c1bbc324b3522479158acaa4f0c43928362b7bf4e6f4",
    "https://deno.land/std@0.207.0/io/buf_writer.ts": "599247add52c1f42c3674366d5783a25c69ceb7277b0694cc854d49f5710e77f",
    "https://deno.land/std@0.207.0/log/handlers.ts": "3a0883f65567f59a9a88e44c972b24b924621bc28ead91af11d7a6da93c4a64c",
    "https://deno.land/std@0.207.0/log/levels.ts": "6309147664e9e008cd6671610f2505c4c95f181f6bae4816a84b33e0aec66859",
    "https://deno.land/std@0.207.0/log/logger.ts": "180c50a07c43a556dc5794e913c82946399e89d683201d01c8f0091e1e4ae3fc",
    "https://deno.land/std@0.207.0/log/mod.ts": "a274d2129c8d08d4c96e0fb165a595e6c730b5130b437a9ce04364156bfe955a",
    "https://deno.land/x/canvas@v1.3.0/deps.ts": "4e53eeff83f3c0cb6eb4a367b5e05e5a4ff2b54fa04e7b99d573293713478c4f",
    "https://deno.land/x/canvas@v1.3.0/mod.ts": "5e4921dfb2380ec64c80e5565785880ee52505eec46383853f57d4043ded2c35",
    "https://deno.land/x/canvas@v1.3.0/src/base64.ts": "9988cf5d4164131d3db41206b09b4922bad76d5b93daa331d4dcfccfb01dd180",
    "https://deno.land/x/canvas@v1.3.0/src/canvas.ts": "099c18d03af9530d7226371c69e75e9c750bdd47d4078bae4d57e4526a002ce8",
    "https://deno.land/x/canvas@v1.3.0/src/canvaskit.ts": "75e60e57c16c0b0d26c53c776113d48463e7c32c928e9a0210814179d52dea39",
    "https://deno.land/x/canvas@v1.3.0/src/color_util.ts": "0d23dfe8dbf81778cee18bdcbdfb47c5eae9fc21561a058c1a91b7cd4c572d36",
    "https://deno.land/x/canvas@v1.3.0/src/lib.js": "4087250865482fd247de3ecee2dc418fd9ef9056e999d58525af64110d33fa61",
    "https://deno.land/x/canvas@v1.3.0/src/types.ts": "cb7458e521cb60000d804b07065d1ae83958e2989795947a95a060d0bb66f158",
    "https://deno.land/x/canvas@v1.3.0/src/wasm.js": "c20bef6b9306060522f7fe894d13858a0219a99efbae532ca8a79ebec52de7c9",
    "https://deno.land/x/canvas@v1.4.2/deps.ts": "e956026d98094946166e06d7b799290b732db015813870d84e04e33ab88e98f3",
    "https://deno.land/x/canvas@v1.4.2/mod.ts": "a4e16972647ceafef58612a377a218372454c99d2c9da615a132694597114f80",
    "https://deno.land/x/canvas@v1.4.2/src/base64.ts": "0928031fdba0c43b617154fbe2eb7578366460c04da1422933ae5e936d3d0349",
    "https://deno.land/x/canvas@v1.4.2/src/canvas.ts": "58119999b04f68ebeed2627485c5c24c5b0c029707edde0b6568814f9049a3a8",
    "https://deno.land/x/canvas@v1.4.2/src/canvaskit.ts": "c3d807472cbb3e1d9fc01bb43ff974ef796c4b010178d1595be5fa793cce5e7d",
    "https://deno.land/x/canvas@v1.4.2/src/color_util.ts": "28f1072f0a5acbe7add7fac2f452311a47b44c080806fc4057de2d2e405c6c1c",
    "https://deno.land/x/canvas@v1.4.2/src/lib.js": "55c4064064870313439dd7ef5297374cb0cbed2dc815bd064c3ace6e067753b0",
    "https://deno.land/x/canvas@v1.4.2/src/types.ts": "67d5800f8f4b0a407e0251676a03ae91b5f50a3ed53e6b72dc5984113cb93128",
    "https://deno.land/x/canvas@v1.4.2/src/wasm.js": "449d72cc14fc4142a5853f944df49a744d852981d09c5515528ede8aebb0afda",
    "https://deno.land/x/captcha@v1.0.1/deps.ts": "d3c43aac265faa36be4803b515f1041528803d0f0b62cc361c7f5c5c007c5288",
    "https://deno.land/x/captcha@v1.0.1/mods.ts": "ed108618bc5184f5d3932964f817e0fd4c73f455da58e78d417f687ec17289eb",
    "https://deno.land/x/captcha@v1.0.1/src/captcha.ts": "ae34688a0ef8428fbb7561bd67b2de3ba8f33ceb68b9b02a10cd332f58c1ed0e",
    "https://deno.land/x/captcha@v1.0.1/src/constants.ts": "6380549fcd049e1837d408d1b9bcb931ac68d59e6cfe4d15537f55c8b9be1977",
    "https://deno.land/x/captcha@v1.0.1/src/util.ts": "c5bdc2a7ced533b7f5b8f541d29a1044b3097e035b286a2dd8dc015e1883d148",
    "https://deno.land/x/nano_jsx@v0.0.32/component.ts": "a9526ac725336e8721c05f7b35e07105ec6ed0fcf2e81ae97f0724cc33e61fae",
    "https://deno.land/x/nano_jsx@v0.0.32/components/helmet.ts": "59e598dc79c7b18620de175c61eb26f4aeb6905a6654cd63359208a26471541e",
    "https://deno.land/x/nano_jsx@v0.0.32/components/img.ts": "82a9f830394a7d6cd9b789b48fe1e70bc64eb151c4b410a3da74347c06acdae0",
    "https://deno.land/x/nano_jsx@v0.0.32/components/index.ts": "8855ee8302a9a19f38202d4a7ff5b17e22942600da02356bdfbc80c99c5c55f5",
    "https://deno.land/x/nano_jsx@v0.0.32/components/link.ts": "0f0b1c57dc8c466203105062335e0d9ded89a34e75d08b1bbeece198d42021cb",
    "https://deno.land/x/nano_jsx@v0.0.32/components/router.ts": "1feb8b6881641a18a3bdd937089b3f5a7b9f36948f8178a85acde7e4c9294a6d",
    "https://deno.land/x/nano_jsx@v0.0.32/components/suspense.ts": "0711b7cdcd42b0b085972eca796d3ba7c436a736e1d2ce17db7e0cd1d3b928f5",
    "https://deno.land/x/nano_jsx@v0.0.32/components/visible.ts": "f19487f7faff0bad38a5549f1efac1df351e83ee4a77ca5886412b439f4b6b53",
    "https://deno.land/x/nano_jsx@v0.0.32/context.ts": "a65018beedf3e1863b96f9d99cf2d471c231a6ae0c77877a77754a398105f9fc",
    "https://deno.land/x/nano_jsx@v0.0.32/core.ts": "1b62824517877f05dc7a97d1ea6d20c079d3c2c202408e397d84f4c6ff14f8e5",
    "https://deno.land/x/nano_jsx@v0.0.32/core.types.ts": "071dba8935df5b9b97e9e7eab9901c39c53c49cadcd3e9126b5c5eeb1d8c3b52",
    "https://deno.land/x/nano_jsx@v0.0.32/customElementsMode.ts": "f5446d3c3afe803a7f97a3434d3970e662f5d0635db79b0e4010e2972ff66a6e",
    "https://deno.land/x/nano_jsx@v0.0.32/fragment.ts": "9cfb0dcdcb02d5cc53f027b4b55609e4f9d6d9322b665292e572856f4b688569",
    "https://deno.land/x/nano_jsx@v0.0.32/helpers.ts": "d904aa646534f1c0cf7c05a6c8e02231f906d962acb725c964aedbcf50216d85",
    "https://deno.land/x/nano_jsx@v0.0.32/htm.ts": "d8d9cd4fb4ad4645bff3698c7eb96e7798022c5519d04e709ebde236edde156b",
    "https://deno.land/x/nano_jsx@v0.0.32/htm/build.ts": "9d6b6eb407c0db2d1213a3f9c82efc66a2bec34c89976132ff13e3e095dcaaaf",
    "https://deno.land/x/nano_jsx@v0.0.32/htm/constants.ts": "3f296f87f03bd0ba8d7673884a1f6c4c927a2774648eaa4fd3ca9e3c46c3f7b8",
    "https://deno.land/x/nano_jsx@v0.0.32/htm/index.ts": "29912b9f7a760884fce79caca82649b9772cfa3c3272e0426a4ce377b67d70d5",
    "https://deno.land/x/nano_jsx@v0.0.32/index.ts": "0f39c911a39c61cb39f9bd8a2481500126dcb1b2a826d5b4523dd47a08b6938d",
    "https://deno.land/x/nano_jsx@v0.0.32/jsx.ts": "7d5b4d4a249fba1a42f2016f54f71ca049d96ff490e098db4a19b2a9b197b952",
    "https://deno.land/x/nano_jsx@v0.0.32/lazy.ts": "f8b8a2b915daff1fb70704ffad5171c805f1e28778b5cd0f8c827780762776c4",
    "https://deno.land/x/nano_jsx@v0.0.32/mod.ts": "3dda2bc0dbee9abd01c03acf43ab55a7854952afe0450245fc2ad12eb9bd9598",
    "https://deno.land/x/nano_jsx@v0.0.32/regexDom.ts": "de82fd3110c5a367e3d4ba9b774cfef3baf995deff455edc7363551d79089c90",
    "https://deno.land/x/nano_jsx@v0.0.32/ssr.ts": "8f77228a7ed13990deba0c1a69d7d3f2902c837b62d24f5b7a019f84c96ad234",
    "https://deno.land/x/nano_jsx@v0.0.32/state.ts": "cfc6ca6eb5e65f4cd60717a0a96ce604053bacf6e0b8835afbe22327e9979a1b",
    "https://deno.land/x/nano_jsx@v0.0.32/store.ts": "653e8c53d6ed4e410c76b1a7a044aa7cc71ff00fb3af9f3a94253591b5f4dcea",
    "https://deno.land/x/nano_jsx@v0.0.32/version.ts": "0e8e1a806e75e676f82360a7708cbcdeb9ee2367773c7dffe9b5247aa1909882",
    "https://deno.land/x/nano_jsx@v0.0.32/withStyles.ts": "8aae4c8e79319fe991d49dd8ccc927c221786dfe58de640dba9d9885ce0dd4b7",
    "https://deno.land/x/nano_jsx@v0.1.0/component.ts": "6bd3dab67754e91308df863e11e2b7945bbe0bf575b4bc529e8a9e02087eb732",
    "https://deno.land/x/nano_jsx@v0.1.0/components/helmet.ts": "59e598dc79c7b18620de175c61eb26f4aeb6905a6654cd63359208a26471541e",
    "https://deno.land/x/nano_jsx@v0.1.0/components/img.ts": "82a9f830394a7d6cd9b789b48fe1e70bc64eb151c4b410a3da74347c06acdae0",
    "https://deno.land/x/nano_jsx@v0.1.0/components/index.ts": "8855ee8302a9a19f38202d4a7ff5b17e22942600da02356bdfbc80c99c5c55f5",
    "https://deno.land/x/nano_jsx@v0.1.0/components/link.ts": "0f0b1c57dc8c466203105062335e0d9ded89a34e75d08b1bbeece198d42021cb",
    "https://deno.land/x/nano_jsx@v0.1.0/components/router.ts": "186e77064a96c31cb66ff1935c93d91904347647fcb13b56b5875ea64905397d",
    "https://deno.land/x/nano_jsx@v0.1.0/components/suspense.ts": "0711b7cdcd42b0b085972eca796d3ba7c436a736e1d2ce17db7e0cd1d3b928f5",
    "https://deno.land/x/nano_jsx@v0.1.0/components/visible.ts": "f19487f7faff0bad38a5549f1efac1df351e83ee4a77ca5886412b439f4b6b53",
    "https://deno.land/x/nano_jsx@v0.1.0/context.ts": "a65018beedf3e1863b96f9d99cf2d471c231a6ae0c77877a77754a398105f9fc",
    "https://deno.land/x/nano_jsx@v0.1.0/core.ts": "9346346ba7ddc52057131953a333c3ffa12e2a93aaceb25dabbab4bf8f1a171c",
    "https://deno.land/x/nano_jsx@v0.1.0/customElementsMode.ts": "61b9688ae89bfcc6109b72eaab4d82a69a8482d89770f3e2c1359b79bf57bb91",
    "https://deno.land/x/nano_jsx@v0.1.0/fragment.ts": "9cfb0dcdcb02d5cc53f027b4b55609e4f9d6d9322b665292e572856f4b688569",
    "https://deno.land/x/nano_jsx@v0.1.0/helpers.ts": "d904aa646534f1c0cf7c05a6c8e02231f906d962acb725c964aedbcf50216d85",
    "https://deno.land/x/nano_jsx@v0.1.0/htm.ts": "d8d9cd4fb4ad4645bff3698c7eb96e7798022c5519d04e709ebde236edde156b",
    "https://deno.land/x/nano_jsx@v0.1.0/htm/build.ts": "9d6b6eb407c0db2d1213a3f9c82efc66a2bec34c89976132ff13e3e095dcaaaf",
    "https://deno.land/x/nano_jsx@v0.1.0/htm/constants.ts": "3f296f87f03bd0ba8d7673884a1f6c4c927a2774648eaa4fd3ca9e3c46c3f7b8",
    "https://deno.land/x/nano_jsx@v0.1.0/htm/index.ts": "29912b9f7a760884fce79caca82649b9772cfa3c3272e0426a4ce377b67d70d5",
    "https://deno.land/x/nano_jsx@v0.1.0/index.ts": "0f39c911a39c61cb39f9bd8a2481500126dcb1b2a826d5b4523dd47a08b6938d",
    "https://deno.land/x/nano_jsx@v0.1.0/jsx.ts": "7d5b4d4a249fba1a42f2016f54f71ca049d96ff490e098db4a19b2a9b197b952",
    "https://deno.land/x/nano_jsx@v0.1.0/lazy.ts": "f8b8a2b915daff1fb70704ffad5171c805f1e28778b5cd0f8c827780762776c4",
    "https://deno.land/x/nano_jsx@v0.1.0/mod.ts": "3dda2bc0dbee9abd01c03acf43ab55a7854952afe0450245fc2ad12eb9bd9598",
    "https://deno.land/x/nano_jsx@v0.1.0/regexDom.ts": "de82fd3110c5a367e3d4ba9b774cfef3baf995deff455edc7363551d79089c90",
    "https://deno.land/x/nano_jsx@v0.1.0/ssr.ts": "1ab6c17f41f612fe409d29d81ce1f17692ff02e5abea6ef4080cabecafc246dd",
    "https://deno.land/x/nano_jsx@v0.1.0/state.ts": "cfc6ca6eb5e65f4cd60717a0a96ce604053bacf6e0b8835afbe22327e9979a1b",
    "https://deno.land/x/nano_jsx@v0.1.0/store.ts": "bf075833a656fc87b2a24c486bb3f77e13f19d6d9efcc42e31ffb6f24ec8eb93",
    "https://deno.land/x/nano_jsx@v0.1.0/types.ts": "fb338d7fa4422a92c442d14e073a2deb01d42b017fcd36013a1f6554e17c5449",
    "https://deno.land/x/nano_jsx@v0.1.0/version.ts": "d7f3813a3b1c490f16e77047483b0dc52cc0cec6cb1b73d6926cf9ad96129a59",
    "https://deno.land/x/nano_jsx@v0.1.0/withStyles.ts": "8aae4c8e79319fe991d49dd8ccc927c221786dfe58de640dba9d9885ce0dd4b7",
    "https://esm.sh/@twind/core@1.1.3/denonext/core.mjs": "39005f461379ef3ae69a2147083b793354a0867cc6fb926052c8af29ec84d20a",
    "https://esm.sh/@twind/core@1.1.3?target=denonext": "9bcaf0c427f0a27f9203aa1ac0b5db3422c6b02b53906c603c8a7ded90662e76",
    "https://esm.sh/@twind/forms@0.1.4": "f876fce7bdfcad4d350b87685bede19aad14f5ca7353e696664d5ebcab983d90",
    "https://esm.sh/@twind/forms@0.1.4/denonext/forms.mjs": "573da928c39c54f27576af70952f6d55a8c91e94b21d49efcffea62cb5024a2d",
    "https://esm.sh/@twind/typography@0.0.2?pin=v86": "8624d5a35477c2bf8c0ca489304cc3324d639fd268b1979b44a5ce0a8bb902f2",
    "https://esm.sh/twind@0.16.19/sheets?pin=v135&exports=getStyleTag,virtualSheet": "10edbe29f3d9041c8166a5f5614b48672c17376ff4e07e616484d886cb0c4262",
    "https://esm.sh/twind@0.16.19?pin=v135&exports=tw,setup": "083273353bf30a8ceb7aad67841dfa1f1e561010894f50ba9c609bdf083679b5",
    "https://esm.sh/twind@1.0.7/denonext/twind.mjs": "f7d6004c92ee4af11f9534aab58edab65cf25a952c499042e2acee6c4ca03f6b",
    "https://esm.sh/twind@1.0.7?target=denonext": "81a0eef56e467ad7a0f60e8c195692f45e6da340af5c793eded2984bf1cfe6b4",
    "https://esm.sh/v135/style-vendorizer@2.2.3/denonext/style-vendorizer.mjs": "121455e7b04b631ef6463ce63cdcd29febd74d88c37713c774ceca8a1561c83d",
    "https://esm.sh/v135/twind@0.16.19/X-dHMvZ2V0U3R5bGVUYWcsdmlydHVhbFNoZWV0/denonext/sheets.js": "d2f9688aa204cd4bc00ee42b5ebb9f0ca8a50dcdde290fc55f82df0b753e8249",
    "https://esm.sh/v135/twind@0.16.19/X-dHMvc2V0dXAsdHc/denonext/twind.mjs": "d3e1cd43273686665c2cf2b9739565d6081da13c74af516ddc3b3bbd990a5c2d",
    "https://esm.sh/v86/@twind/typography@0.0.2/denonext/typography.mjs": "c9b538969052499e97ff399c38d97d7eeea3014ddb9f2abf11d22f146198a2e4"
  }
}
